
Microsoft Visual Studio Solution File, Format Version 12.00
# Visual Studio Version 17
VisualStudioVersion = 17.6.33829.357
MinimumVisualStudioVersion = 10.0.40219.1
Project("{9A19103F-16F7-4668-BE54-9A1E7A4F7556}") = "Casino", "Casino\Casino.csproj", "{7B8448DD-440A-43B1-8877-901AAF5700F9}"
EndProject
Project("{FAE04EC0-301F-11D3-BF4B-00C04F79EFBC}") = "SlotMachine", "..\..\..\Downloads\NET-Apps-main\.NET-Apps-main\SlotMachine\SlotMachine\SlotMachine.csproj", "{A5ECCB65-517D-4A16-856B-32FA5CA11868}"
EndProject
Project("{9A19103F-16F7-4668-BE54-9A1E7A4F7556}") = "CasinoWpfV2.0", "..\..\..\Downloads\RouletteGame-master\CasinoWpfV2.0\CasinoWpfV2.0.csproj", "{5557F86D-7145-4633-BC14-78957BBA4842}"
EndProject
Project("{9A19103F-16F7-4668-BE54-9A1E7A4F7556}") = "RouletteLib", "..\..\..\Downloads\RouletteGame-master\RouletteLib\RouletteLib.csproj", "{798F8FB3-1493-4956-B11F-AE0A1CFE2E83}"
EndProject
Project("{FAE04EC0-301F-11D3-BF4B-00C04F79EFBC}") = "Blackjack", "..\..\..\Downloads\Blackjack-master\Blackjack-master\Blackjack\Blackjack.csproj", "{DBA2E911-22E9-4605-8A14-ABC0BD771021}"
EndProject
Global
	GlobalSection(SolutionConfigurationPlatforms) = preSolution
		Debug|Any CPU = Debug|Any CPU
		Release|Any CPU = Release|Any CPU
	EndGlobalSection
	GlobalSection(ProjectConfigurationPlatforms) = postSolution
		{7B8448DD-440A-43B1-8877-901AAF5700F9}.Debug|Any CPU.ActiveCfg = Debug|Any CPU
		{7B8448DD-440A-43B1-8877-901AAF5700F9}.Debug|Any CPU.Build.0 = Debug|Any CPU
		{7B8448DD-440A-43B1-8877-901AAF5700F9}.Release|Any CPU.ActiveCfg = Release|Any CPU
		{7B8448DD-440A-43B1-8877-901AAF5700F9}.Release|Any CPU.Build.0 = Release|Any CPU
		{A5ECCB65-517D-4A16-856B-32FA5CA11868}.Debug|Any CPU.ActiveCfg = Debug|Any CPU
		{A5ECCB65-517D-4A16-856B-32FA5CA11868}.Debug|Any CPU.Build.0 = Debug|Any CPU
		{A5ECCB65-517D-4A16-856B-32FA5CA11868}.Release|Any CPU.ActiveCfg = Release|Any CPU
		{A5ECCB65-517D-4A16-856B-32FA5CA11868}.Release|Any CPU.Build.0 = Release|Any CPU
		{5557F86D-7145-4633-BC14-78957BBA4842}.Debug|Any CPU.ActiveCfg = Debug|Any CPU
		{5557F86D-7145-4633-BC14-78957BBA4842}.Debug|Any CPU.Build.0 = Debug|Any CPU
		{5557F86D-7145-4633-BC14-78957BBA4842}.Release|Any CPU.ActiveCfg = Release|Any CPU
		{5557F86D-7145-4633-BC14-78957BBA4842}.Release|Any CPU.Build.0 = Release|Any CPU
		{798F8FB3-1493-4956-B11F-AE0A1CFE2E83}.Debug|Any CPU.ActiveCfg = Debug|Any CPU
		{798F8FB3-1493-4956-B11F-AE0A1CFE2E83}.Debug|Any CPU.Build.0 = Debug|Any CPU
		{798F8FB3-1493-4956-B11F-AE0A1CFE2E83}.Release|Any CPU.ActiveCfg = Release|Any CPU
		{798F8FB3-1493-4956-B11F-AE0A1CFE2E83}.Release|Any CPU.Build.0 = Release|Any CPU
		{DBA2E911-22E9-4605-8A14-ABC0BD771021}.Debug|Any CPU.ActiveCfg = Debug|Any CPU
		{DBA2E911-22E9-4605-8A14-ABC0BD771021}.Debug|Any CPU.Build.0 = Debug|Any CPU
		{DBA2E911-22E9-4605-8A14-ABC0BD771021}.Release|Any CPU.ActiveCfg = Release|Any CPU
		{DBA2E911-22E9-4605-8A14-ABC0BD771021}.Release|Any CPU.Build.0 = Release|Any CPU
	EndGlobalSection
	GlobalSection(SolutionProperties) = preSolution
		HideSolutionNode = FALSE
	EndGlobalSection
	GlobalSection(ExtensibilityGlobals) = postSolution
		SolutionGuid = {0EBD1176-0B2E-4D12-9395-0EB3BC80AA8B}
	EndGlobalSection
EndGlobal
